
Microsoft Visual Studio Solution File, Format Version 12.00
# Visual Studio Version 17
VisualStudioVersion = 17.9.34723.18
MinimumVisualStudioVersion = 10.0.40219.1
Project("{FAE04EC0-301F-11D3-BF4B-00C04F79EFBC}") = "Lista1Ex7", "Lista1Ex7.csproj", "{00C2F691-AEB5-45EC-AF8B-DD18B4434A92}"
EndProject
Global
	GlobalSection(SolutionConfigurationPlatforms) = preSolution
		Debug|Any CPU = Debug|Any CPU
		Release|Any CPU = Release|Any CPU
	EndGlobalSection
	GlobalSection(ProjectConfigurationPlatforms) = postSolution
		{00C2F691-AEB5-45EC-AF8B-DD18B4434A92}.Debug|Any CPU.ActiveCfg = Debug|Any CPU
		{00C2F691-AEB5-45EC-AF8B-DD18B4434A92}.Debug|Any CPU.Build.0 = Debug|Any CPU
		{00C2F691-AEB5-45EC-AF8B-DD18B4434A92}.Release|Any CPU.ActiveCfg = Release|Any CPU
		{00C2F691-AEB5-45EC-AF8B-DD18B4434A92}.Release|Any CPU.Build.0 = Release|Any CPU
	EndGlobalSection
	GlobalSection(SolutionProperties) = preSolution
		HideSolutionNode = FALSE
	EndGlobalSection
	GlobalSection(ExtensibilityGlobals) = postSolution
		SolutionGuid = {6B1E723C-554D-47C8-9C7E-CF8EC9BF9F02}
	EndGlobalSection
EndGlobal
