
Microsoft Visual Studio Solution File, Format Version 12.00
# Visual Studio Version 17
VisualStudioVersion = 17.9.34723.18
MinimumVisualStudioVersion = 10.0.40219.1
Project("{FAE04EC0-301F-11D3-BF4B-00C04F79EFBC}") = "Lista1Ex6", "Lista1Ex6.csproj", "{08EC199A-9F8B-45AD-A03D-D83E74924503}"
EndProject
Global
	GlobalSection(SolutionConfigurationPlatforms) = preSolution
		Debug|Any CPU = Debug|Any CPU
		Release|Any CPU = Release|Any CPU
	EndGlobalSection
	GlobalSection(ProjectConfigurationPlatforms) = postSolution
		{08EC199A-9F8B-45AD-A03D-D83E74924503}.Debug|Any CPU.ActiveCfg = Debug|Any CPU
		{08EC199A-9F8B-45AD-A03D-D83E74924503}.Debug|Any CPU.Build.0 = Debug|Any CPU
		{08EC199A-9F8B-45AD-A03D-D83E74924503}.Release|Any CPU.ActiveCfg = Release|Any CPU
		{08EC199A-9F8B-45AD-A03D-D83E74924503}.Release|Any CPU.Build.0 = Release|Any CPU
	EndGlobalSection
	GlobalSection(SolutionProperties) = preSolution
		HideSolutionNode = FALSE
	EndGlobalSection
	GlobalSection(ExtensibilityGlobals) = postSolution
		SolutionGuid = {9492C70B-6665-4921-86E0-5D51032EBE9F}
	EndGlobalSection
EndGlobal
